
Microsoft Visual Studio Solution File, Format Version 12.00
# Visual Studio Version 16
VisualStudioVersion = 16.0.28803.352
MinimumVisualStudioVersion = 10.0.40219.1
Project("{FAE04EC0-301F-11D3-BF4B-00C04F79EFBC}") = "Word Puzzle Generator", "Word Puzzle Generator\Word Puzzle Generator.csproj", "{C69E8A8E-6FA0-47CB-9C31-A08A53E84385}"
EndProject
Project("{FAE04EC0-301F-11D3-BF4B-00C04F79EFBC}") = "WordPuzzleUI", "WordPuzzleUI\WordPuzzleUI.csproj", "{A33AD3A7-AAFC-48B9-9441-18680083C2DA}"
EndProject
Project("{FAE04EC0-301F-11D3-BF4B-00C04F79EFBC}") = "DataHandler", "DataHandler\DataHandler.csproj", "{5978BD3F-70FE-4BF6-B5F7-0BC71DF605CB}"
EndProject
Global
	GlobalSection(SolutionConfigurationPlatforms) = preSolution
		Debug|Any CPU = Debug|Any CPU
		Release|Any CPU = Release|Any CPU
	EndGlobalSection
	GlobalSection(ProjectConfigurationPlatforms) = postSolution
		{C69E8A8E-6FA0-47CB-9C31-A08A53E84385}.Debug|Any CPU.ActiveCfg = Debug|Any CPU
		{C69E8A8E-6FA0-47CB-9C31-A08A53E84385}.Debug|Any CPU.Build.0 = Debug|Any CPU
		{C69E8A8E-6FA0-47CB-9C31-A08A53E84385}.Release|Any CPU.ActiveCfg = Release|Any CPU
		{C69E8A8E-6FA0-47CB-9C31-A08A53E84385}.Release|Any CPU.Build.0 = Release|Any CPU
		{A33AD3A7-AAFC-48B9-9441-18680083C2DA}.Debug|Any CPU.ActiveCfg = Debug|Any CPU
		{A33AD3A7-AAFC-48B9-9441-18680083C2DA}.Debug|Any CPU.Build.0 = Debug|Any CPU
		{A33AD3A7-AAFC-48B9-9441-18680083C2DA}.Release|Any CPU.ActiveCfg = Release|Any CPU
		{A33AD3A7-AAFC-48B9-9441-18680083C2DA}.Release|Any CPU.Build.0 = Release|Any CPU
		{5978BD3F-70FE-4BF6-B5F7-0BC71DF605CB}.Debug|Any CPU.ActiveCfg = Debug|Any CPU
		{5978BD3F-70FE-4BF6-B5F7-0BC71DF605CB}.Debug|Any CPU.Build.0 = Debug|Any CPU
		{5978BD3F-70FE-4BF6-B5F7-0BC71DF605CB}.Release|Any CPU.ActiveCfg = Release|Any CPU
		{5978BD3F-70FE-4BF6-B5F7-0BC71DF605CB}.Release|Any CPU.Build.0 = Release|Any CPU
	EndGlobalSection
	GlobalSection(SolutionProperties) = preSolution
		HideSolutionNode = FALSE
	EndGlobalSection
	GlobalSection(ExtensibilityGlobals) = postSolution
		SolutionGuid = {3C2436B1-57FF-4550-A654-9197FA6EF4ED}
	EndGlobalSection
EndGlobal
